using UnityEngine;

public class Movimiento : MonoBehaviour
{
    private Rigidbody2D rb;
    public float velocidad;
    private Vector2 inputSistema;

    // Start is called before the first frame update
    void Start()
    {
        rb = GetComponent<Rigidbody2D>();
    }

    // Update is called once per frame
    void Update()
    {
        float movimientoX = Input.GetAxis("Horizontal");
        float movimientoY = Input.GetAxis("Vertical");
        inputSistema = new Vector2(movimientoX, movimientoY).normalized;
    }

    private void FixedUpdate()
    {
        rb.MovePosition(rb.position + inputSistema * velocidad * Time.fixedDeltaTime);
    }
}
